
Microsoft Visual Studio Solution File, Format Version 12.00
# Visual Studio Version 17
VisualStudioVersion = 17.3.32929.385
MinimumVisualStudioVersion = 10.0.40219.1
Project("{FAE04EC0-301F-11D3-BF4B-00C04F79EFBC}") = "Turkey", "Turkey\Turkey.csproj", "{987CB1EB-F6B7-4EE0-ABFF-F3F7463E1C82}"
EndProject
Global
	GlobalSection(SolutionConfigurationPlatforms) = preSolution
		Debug|Any CPU = Debug|Any CPU
		Release|Any CPU = Release|Any CPU
	EndGlobalSection
	GlobalSection(ProjectConfigurationPlatforms) = postSolution
		{987CB1EB-F6B7-4EE0-ABFF-F3F7463E1C82}.Debug|Any CPU.ActiveCfg = Debug|Any CPU
		{987CB1EB-F6B7-4EE0-ABFF-F3F7463E1C82}.Debug|Any CPU.Build.0 = Debug|Any CPU
		{987CB1EB-F6B7-4EE0-ABFF-F3F7463E1C82}.Release|Any CPU.ActiveCfg = Release|Any CPU
		{987CB1EB-F6B7-4EE0-ABFF-F3F7463E1C82}.Release|Any CPU.Build.0 = Release|Any CPU
	EndGlobalSection
	GlobalSection(SolutionProperties) = preSolution
		HideSolutionNode = FALSE
	EndGlobalSection
	GlobalSection(ExtensibilityGlobals) = postSolution
		SolutionGuid = {4708490C-DF42-4164-8909-958D2B0F2047}
	EndGlobalSection
EndGlobal
